<?xml version="1.0" encoding="utf-8"?>
<Project ToolsVersion="4.0" xmlns="http://schemas.microsoft.com/developer/msbuild/2003">
  <ItemGroup>
    <CustomBuild Include="C:\Users\Susan\OOR\katas\remote\tire-pressure-cpp\gtest-1.7.0\CMakeLists.txt" />
    <CustomBuild Include="CMakeFiles\965b1b02b4ba61e6d440467583b33157\ALL_BUILD.rule">
      <Filter>CMake Rules</Filter>
    </CustomBuild>
  </ItemGroup>
  <ItemGroup>
    <None Include="CMakeFiles\ALL_BUILD" />
  </ItemGroup>
  <ItemGroup>
    <Filter Include="CMake Rules">
      <UniqueIdentifier>{DEFC73B7-692C-493D-8CAE-AA699712EF45}</UniqueIdentifier>
    </Filter>
  </ItemGroup>
</Project>
