Microsoft Visual Studio Solution File, Format Version 12.00
# Visual Studio 2012
Project("{8BC9CEB8-8B4A-11D0-8D11-00A0C91BC942}") = "ALL_BUILD", "ALL_BUILD.vcxproj", "{5A2F102A-6B15-4AF5-80C5-C962465CD96C}"
	ProjectSection(ProjectDependencies) = postProject
		{2B898D27-986E-4EE9-8293-E2DF792C1487} = {2B898D27-986E-4EE9-8293-E2DF792C1487}
		{1F844245-5427-4949-A0A0-ECFF173E448E} = {1F844245-5427-4949-A0A0-ECFF173E448E}
		{D0525741-9B3B-47E2-B56D-91FCD3F9CA7A} = {D0525741-9B3B-47E2-B56D-91FCD3F9CA7A}
		{3FF94CFB-82D5-430C-A9AD-BBEC63E9B4C6} = {3FF94CFB-82D5-430C-A9AD-BBEC63E9B4C6}
		{DA1C1412-A943-4BB4-9ECE-AE70DCAF4643} = {DA1C1412-A943-4BB4-9ECE-AE70DCAF4643}
		{240FFE2D-77A7-4653-B686-8E6B253108FE} = {240FFE2D-77A7-4653-B686-8E6B253108FE}
		{DCA63DAA-5EB6-41AF-8734-E657BCD97966} = {DCA63DAA-5EB6-41AF-8734-E657BCD97966}
		{07F64382-9DF5-4021-8CC7-8FBD5289F18C} = {07F64382-9DF5-4021-8CC7-8FBD5289F18C}
		{691639FA-4B27-4D7E-8006-3E9A12D8322B} = {691639FA-4B27-4D7E-8006-3E9A12D8322B}
		{DB70A904-5C31-42A0-AC56-CF9C037E253D} = {DB70A904-5C31-42A0-AC56-CF9C037E253D}
		{40BC6770-A135-4DDF-9A35-4919B77733A2} = {40BC6770-A135-4DDF-9A35-4919B77733A2}
		{6C46F6E6-E4D3-4664-9F2C-129D70CCF5EF} = {6C46F6E6-E4D3-4664-9F2C-129D70CCF5EF}
		{33470810-0ED0-4B0B-8393-EFE1C4A26B11} = {33470810-0ED0-4B0B-8393-EFE1C4A26B11}
	EndProjectSection
EndProject
Project("{8BC9CEB8-8B4A-11D0-8D11-00A0C91BC942}") = "ZERO_CHECK", "ZERO_CHECK.vcxproj", "{2B898D27-986E-4EE9-8293-E2DF792C1487}"
EndProject
Project("{8BC9CEB8-8B4A-11D0-8D11-00A0C91BC942}") = "gtest", "gtest.vcxproj", "{1F844245-5427-4949-A0A0-ECFF173E448E}"
	ProjectSection(ProjectDependencies) = postProject
		{2B898D27-986E-4EE9-8293-E2DF792C1487} = {2B898D27-986E-4EE9-8293-E2DF792C1487}
	EndProjectSection
EndProject
Project("{8BC9CEB8-8B4A-11D0-8D11-00A0C91BC942}") = "gtest_main", "gtest_main.vcxproj", "{D0525741-9B3B-47E2-B56D-91FCD3F9CA7A}"
	ProjectSection(ProjectDependencies) = postProject
		{2B898D27-986E-4EE9-8293-E2DF792C1487} = {2B898D27-986E-4EE9-8293-E2DF792C1487}
		{1F844245-5427-4949-A0A0-ECFF173E448E} = {1F844245-5427-4949-A0A0-ECFF173E448E}
	EndProjectSection
EndProject
Project("{8BC9CEB8-8B4A-11D0-8D11-00A0C91BC942}") = "sample10_unittest", "sample10_unittest.vcxproj", "{3FF94CFB-82D5-430C-A9AD-BBEC63E9B4C6}"
	ProjectSection(ProjectDependencies) = postProject
		{2B898D27-986E-4EE9-8293-E2DF792C1487} = {2B898D27-986E-4EE9-8293-E2DF792C1487}
		{1F844245-5427-4949-A0A0-ECFF173E448E} = {1F844245-5427-4949-A0A0-ECFF173E448E}
	EndProjectSection
EndProject
Project("{8BC9CEB8-8B4A-11D0-8D11-00A0C91BC942}") = "sample1_unittest", "sample1_unittest.vcxproj", "{DA1C1412-A943-4BB4-9ECE-AE70DCAF4643}"
	ProjectSection(ProjectDependencies) = postProject
		{2B898D27-986E-4EE9-8293-E2DF792C1487} = {2B898D27-986E-4EE9-8293-E2DF792C1487}
		{1F844245-5427-4949-A0A0-ECFF173E448E} = {1F844245-5427-4949-A0A0-ECFF173E448E}
		{D0525741-9B3B-47E2-B56D-91FCD3F9CA7A} = {D0525741-9B3B-47E2-B56D-91FCD3F9CA7A}
	EndProjectSection
EndProject
Project("{8BC9CEB8-8B4A-11D0-8D11-00A0C91BC942}") = "sample2_unittest", "sample2_unittest.vcxproj", "{240FFE2D-77A7-4653-B686-8E6B253108FE}"
	ProjectSection(ProjectDependencies) = postProject
		{2B898D27-986E-4EE9-8293-E2DF792C1487} = {2B898D27-986E-4EE9-8293-E2DF792C1487}
		{1F844245-5427-4949-A0A0-ECFF173E448E} = {1F844245-5427-4949-A0A0-ECFF173E448E}
		{D0525741-9B3B-47E2-B56D-91FCD3F9CA7A} = {D0525741-9B3B-47E2-B56D-91FCD3F9CA7A}
	EndProjectSection
EndProject
Project("{8BC9CEB8-8B4A-11D0-8D11-00A0C91BC942}") = "sample3_unittest", "sample3_unittest.vcxproj", "{DCA63DAA-5EB6-41AF-8734-E657BCD97966}"
	ProjectSection(ProjectDependencies) = postProject
		{2B898D27-986E-4EE9-8293-E2DF792C1487} = {2B898D27-986E-4EE9-8293-E2DF792C1487}
		{1F844245-5427-4949-A0A0-ECFF173E448E} = {1F844245-5427-4949-A0A0-ECFF173E448E}
		{D0525741-9B3B-47E2-B56D-91FCD3F9CA7A} = {D0525741-9B3B-47E2-B56D-91FCD3F9CA7A}
	EndProjectSection
EndProject
Project("{8BC9CEB8-8B4A-11D0-8D11-00A0C91BC942}") = "sample4_unittest", "sample4_unittest.vcxproj", "{07F64382-9DF5-4021-8CC7-8FBD5289F18C}"
	ProjectSection(ProjectDependencies) = postProject
		{2B898D27-986E-4EE9-8293-E2DF792C1487} = {2B898D27-986E-4EE9-8293-E2DF792C1487}
		{1F844245-5427-4949-A0A0-ECFF173E448E} = {1F844245-5427-4949-A0A0-ECFF173E448E}
		{D0525741-9B3B-47E2-B56D-91FCD3F9CA7A} = {D0525741-9B3B-47E2-B56D-91FCD3F9CA7A}
	EndProjectSection
EndProject
Project("{8BC9CEB8-8B4A-11D0-8D11-00A0C91BC942}") = "sample5_unittest", "sample5_unittest.vcxproj", "{691639FA-4B27-4D7E-8006-3E9A12D8322B}"
	ProjectSection(ProjectDependencies) = postProject
		{2B898D27-986E-4EE9-8293-E2DF792C1487} = {2B898D27-986E-4EE9-8293-E2DF792C1487}
		{1F844245-5427-4949-A0A0-ECFF173E448E} = {1F844245-5427-4949-A0A0-ECFF173E448E}
		{D0525741-9B3B-47E2-B56D-91FCD3F9CA7A} = {D0525741-9B3B-47E2-B56D-91FCD3F9CA7A}
	EndProjectSection
EndProject
Project("{8BC9CEB8-8B4A-11D0-8D11-00A0C91BC942}") = "sample6_unittest", "sample6_unittest.vcxproj", "{DB70A904-5C31-42A0-AC56-CF9C037E253D}"
	ProjectSection(ProjectDependencies) = postProject
		{2B898D27-986E-4EE9-8293-E2DF792C1487} = {2B898D27-986E-4EE9-8293-E2DF792C1487}
		{1F844245-5427-4949-A0A0-ECFF173E448E} = {1F844245-5427-4949-A0A0-ECFF173E448E}
		{D0525741-9B3B-47E2-B56D-91FCD3F9CA7A} = {D0525741-9B3B-47E2-B56D-91FCD3F9CA7A}
	EndProjectSection
EndProject
Project("{8BC9CEB8-8B4A-11D0-8D11-00A0C91BC942}") = "sample7_unittest", "sample7_unittest.vcxproj", "{40BC6770-A135-4DDF-9A35-4919B77733A2}"
	ProjectSection(ProjectDependencies) = postProject
		{2B898D27-986E-4EE9-8293-E2DF792C1487} = {2B898D27-986E-4EE9-8293-E2DF792C1487}
		{1F844245-5427-4949-A0A0-ECFF173E448E} = {1F844245-5427-4949-A0A0-ECFF173E448E}
		{D0525741-9B3B-47E2-B56D-91FCD3F9CA7A} = {D0525741-9B3B-47E2-B56D-91FCD3F9CA7A}
	EndProjectSection
EndProject
Project("{8BC9CEB8-8B4A-11D0-8D11-00A0C91BC942}") = "sample8_unittest", "sample8_unittest.vcxproj", "{6C46F6E6-E4D3-4664-9F2C-129D70CCF5EF}"
	ProjectSection(ProjectDependencies) = postProject
		{2B898D27-986E-4EE9-8293-E2DF792C1487} = {2B898D27-986E-4EE9-8293-E2DF792C1487}
		{1F844245-5427-4949-A0A0-ECFF173E448E} = {1F844245-5427-4949-A0A0-ECFF173E448E}
		{D0525741-9B3B-47E2-B56D-91FCD3F9CA7A} = {D0525741-9B3B-47E2-B56D-91FCD3F9CA7A}
	EndProjectSection
EndProject
Project("{8BC9CEB8-8B4A-11D0-8D11-00A0C91BC942}") = "sample9_unittest", "sample9_unittest.vcxproj", "{33470810-0ED0-4B0B-8393-EFE1C4A26B11}"
	ProjectSection(ProjectDependencies) = postProject
		{2B898D27-986E-4EE9-8293-E2DF792C1487} = {2B898D27-986E-4EE9-8293-E2DF792C1487}
		{1F844245-5427-4949-A0A0-ECFF173E448E} = {1F844245-5427-4949-A0A0-ECFF173E448E}
	EndProjectSection
EndProject
Project("{8BC9CEB8-8B4A-11D0-8D11-00A0C91BC942}") = "TirePressureMonitoringSystem", "..\Exercise.ProposedSolution\TirePressureMonitoringSystem\TirePressureMonitoringSystem.vcxproj", "{829656B4-903D-4068-930D-B8A43782171A}"
EndProject
Global
	GlobalSection(SolutionConfigurationPlatforms) = preSolution
		Debug|Win32 = Debug|Win32
		MinSizeRel|Win32 = MinSizeRel|Win32
		Release|Win32 = Release|Win32
		RelWithDebInfo|Win32 = RelWithDebInfo|Win32
	EndGlobalSection
	GlobalSection(ProjectConfigurationPlatforms) = postSolution
		{5A2F102A-6B15-4AF5-80C5-C962465CD96C}.Debug|Win32.ActiveCfg = Debug|Win32
		{5A2F102A-6B15-4AF5-80C5-C962465CD96C}.MinSizeRel|Win32.ActiveCfg = MinSizeRel|Win32
		{5A2F102A-6B15-4AF5-80C5-C962465CD96C}.Release|Win32.ActiveCfg = Release|Win32
		{5A2F102A-6B15-4AF5-80C5-C962465CD96C}.RelWithDebInfo|Win32.ActiveCfg = RelWithDebInfo|Win32
		{2B898D27-986E-4EE9-8293-E2DF792C1487}.Debug|Win32.ActiveCfg = Debug|Win32
		{2B898D27-986E-4EE9-8293-E2DF792C1487}.Debug|Win32.Build.0 = Debug|Win32
		{2B898D27-986E-4EE9-8293-E2DF792C1487}.MinSizeRel|Win32.ActiveCfg = MinSizeRel|Win32
		{2B898D27-986E-4EE9-8293-E2DF792C1487}.MinSizeRel|Win32.Build.0 = MinSizeRel|Win32
		{2B898D27-986E-4EE9-8293-E2DF792C1487}.Release|Win32.ActiveCfg = Release|Win32
		{2B898D27-986E-4EE9-8293-E2DF792C1487}.Release|Win32.Build.0 = Release|Win32
		{2B898D27-986E-4EE9-8293-E2DF792C1487}.RelWithDebInfo|Win32.ActiveCfg = RelWithDebInfo|Win32
		{2B898D27-986E-4EE9-8293-E2DF792C1487}.RelWithDebInfo|Win32.Build.0 = RelWithDebInfo|Win32
		{1F844245-5427-4949-A0A0-ECFF173E448E}.Debug|Win32.ActiveCfg = Debug|Win32
		{1F844245-5427-4949-A0A0-ECFF173E448E}.Debug|Win32.Build.0 = Debug|Win32
		{1F844245-5427-4949-A0A0-ECFF173E448E}.MinSizeRel|Win32.ActiveCfg = MinSizeRel|Win32
		{1F844245-5427-4949-A0A0-ECFF173E448E}.MinSizeRel|Win32.Build.0 = MinSizeRel|Win32
		{1F844245-5427-4949-A0A0-ECFF173E448E}.Release|Win32.ActiveCfg = Release|Win32
		{1F844245-5427-4949-A0A0-ECFF173E448E}.Release|Win32.Build.0 = Release|Win32
		{1F844245-5427-4949-A0A0-ECFF173E448E}.RelWithDebInfo|Win32.ActiveCfg = RelWithDebInfo|Win32
		{1F844245-5427-4949-A0A0-ECFF173E448E}.RelWithDebInfo|Win32.Build.0 = RelWithDebInfo|Win32
		{D0525741-9B3B-47E2-B56D-91FCD3F9CA7A}.Debug|Win32.ActiveCfg = Debug|Win32
		{D0525741-9B3B-47E2-B56D-91FCD3F9CA7A}.Debug|Win32.Build.0 = Debug|Win32
		{D0525741-9B3B-47E2-B56D-91FCD3F9CA7A}.MinSizeRel|Win32.ActiveCfg = MinSizeRel|Win32
		{D0525741-9B3B-47E2-B56D-91FCD3F9CA7A}.MinSizeRel|Win32.Build.0 = MinSizeRel|Win32
		{D0525741-9B3B-47E2-B56D-91FCD3F9CA7A}.Release|Win32.ActiveCfg = Release|Win32
		{D0525741-9B3B-47E2-B56D-91FCD3F9CA7A}.Release|Win32.Build.0 = Release|Win32
		{D0525741-9B3B-47E2-B56D-91FCD3F9CA7A}.RelWithDebInfo|Win32.ActiveCfg = RelWithDebInfo|Win32
		{D0525741-9B3B-47E2-B56D-91FCD3F9CA7A}.RelWithDebInfo|Win32.Build.0 = RelWithDebInfo|Win32
		{3FF94CFB-82D5-430C-A9AD-BBEC63E9B4C6}.Debug|Win32.ActiveCfg = Debug|Win32
		{3FF94CFB-82D5-430C-A9AD-BBEC63E9B4C6}.Debug|Win32.Build.0 = Debug|Win32
		{3FF94CFB-82D5-430C-A9AD-BBEC63E9B4C6}.MinSizeRel|Win32.ActiveCfg = MinSizeRel|Win32
		{3FF94CFB-82D5-430C-A9AD-BBEC63E9B4C6}.MinSizeRel|Win32.Build.0 = MinSizeRel|Win32
		{3FF94CFB-82D5-430C-A9AD-BBEC63E9B4C6}.Release|Win32.ActiveCfg = Release|Win32
		{3FF94CFB-82D5-430C-A9AD-BBEC63E9B4C6}.Release|Win32.Build.0 = Release|Win32
		{3FF94CFB-82D5-430C-A9AD-BBEC63E9B4C6}.RelWithDebInfo|Win32.ActiveCfg = RelWithDebInfo|Win32
		{3FF94CFB-82D5-430C-A9AD-BBEC63E9B4C6}.RelWithDebInfo|Win32.Build.0 = RelWithDebInfo|Win32
		{DA1C1412-A943-4BB4-9ECE-AE70DCAF4643}.Debug|Win32.ActiveCfg = Debug|Win32
		{DA1C1412-A943-4BB4-9ECE-AE70DCAF4643}.Debug|Win32.Build.0 = Debug|Win32
		{DA1C1412-A943-4BB4-9ECE-AE70DCAF4643}.MinSizeRel|Win32.ActiveCfg = MinSizeRel|Win32
		{DA1C1412-A943-4BB4-9ECE-AE70DCAF4643}.MinSizeRel|Win32.Build.0 = MinSizeRel|Win32
		{DA1C1412-A943-4BB4-9ECE-AE70DCAF4643}.Release|Win32.ActiveCfg = Release|Win32
		{DA1C1412-A943-4BB4-9ECE-AE70DCAF4643}.Release|Win32.Build.0 = Release|Win32
		{DA1C1412-A943-4BB4-9ECE-AE70DCAF4643}.RelWithDebInfo|Win32.ActiveCfg = RelWithDebInfo|Win32
		{DA1C1412-A943-4BB4-9ECE-AE70DCAF4643}.RelWithDebInfo|Win32.Build.0 = RelWithDebInfo|Win32
		{240FFE2D-77A7-4653-B686-8E6B253108FE}.Debug|Win32.ActiveCfg = Debug|Win32
		{240FFE2D-77A7-4653-B686-8E6B253108FE}.Debug|Win32.Build.0 = Debug|Win32
		{240FFE2D-77A7-4653-B686-8E6B253108FE}.MinSizeRel|Win32.ActiveCfg = MinSizeRel|Win32
		{240FFE2D-77A7-4653-B686-8E6B253108FE}.MinSizeRel|Win32.Build.0 = MinSizeRel|Win32
		{240FFE2D-77A7-4653-B686-8E6B253108FE}.Release|Win32.ActiveCfg = Release|Win32
		{240FFE2D-77A7-4653-B686-8E6B253108FE}.Release|Win32.Build.0 = Release|Win32
		{240FFE2D-77A7-4653-B686-8E6B253108FE}.RelWithDebInfo|Win32.ActiveCfg = RelWithDebInfo|Win32
		{240FFE2D-77A7-4653-B686-8E6B253108FE}.RelWithDebInfo|Win32.Build.0 = RelWithDebInfo|Win32
		{DCA63DAA-5EB6-41AF-8734-E657BCD97966}.Debug|Win32.ActiveCfg = Debug|Win32
		{DCA63DAA-5EB6-41AF-8734-E657BCD97966}.Debug|Win32.Build.0 = Debug|Win32
		{DCA63DAA-5EB6-41AF-8734-E657BCD97966}.MinSizeRel|Win32.ActiveCfg = MinSizeRel|Win32
		{DCA63DAA-5EB6-41AF-8734-E657BCD97966}.MinSizeRel|Win32.Build.0 = MinSizeRel|Win32
		{DCA63DAA-5EB6-41AF-8734-E657BCD97966}.Release|Win32.ActiveCfg = Release|Win32
		{DCA63DAA-5EB6-41AF-8734-E657BCD97966}.Release|Win32.Build.0 = Release|Win32
		{DCA63DAA-5EB6-41AF-8734-E657BCD97966}.RelWithDebInfo|Win32.ActiveCfg = RelWithDebInfo|Win32
		{DCA63DAA-5EB6-41AF-8734-E657BCD97966}.RelWithDebInfo|Win32.Build.0 = RelWithDebInfo|Win32
		{07F64382-9DF5-4021-8CC7-8FBD5289F18C}.Debug|Win32.ActiveCfg = Debug|Win32
		{07F64382-9DF5-4021-8CC7-8FBD5289F18C}.Debug|Win32.Build.0 = Debug|Win32
		{07F64382-9DF5-4021-8CC7-8FBD5289F18C}.MinSizeRel|Win32.ActiveCfg = MinSizeRel|Win32
		{07F64382-9DF5-4021-8CC7-8FBD5289F18C}.MinSizeRel|Win32.Build.0 = MinSizeRel|Win32
		{07F64382-9DF5-4021-8CC7-8FBD5289F18C}.Release|Win32.ActiveCfg = Release|Win32
		{07F64382-9DF5-4021-8CC7-8FBD5289F18C}.Release|Win32.Build.0 = Release|Win32
		{07F64382-9DF5-4021-8CC7-8FBD5289F18C}.RelWithDebInfo|Win32.ActiveCfg = RelWithDebInfo|Win32
		{07F64382-9DF5-4021-8CC7-8FBD5289F18C}.RelWithDebInfo|Win32.Build.0 = RelWithDebInfo|Win32
		{691639FA-4B27-4D7E-8006-3E9A12D8322B}.Debug|Win32.ActiveCfg = Debug|Win32
		{691639FA-4B27-4D7E-8006-3E9A12D8322B}.Debug|Win32.Build.0 = Debug|Win32
		{691639FA-4B27-4D7E-8006-3E9A12D8322B}.MinSizeRel|Win32.ActiveCfg = MinSizeRel|Win32
		{691639FA-4B27-4D7E-8006-3E9A12D8322B}.MinSizeRel|Win32.Build.0 = MinSizeRel|Win32
		{691639FA-4B27-4D7E-8006-3E9A12D8322B}.Release|Win32.ActiveCfg = Release|Win32
		{691639FA-4B27-4D7E-8006-3E9A12D8322B}.Release|Win32.Build.0 = Release|Win32
		{691639FA-4B27-4D7E-8006-3E9A12D8322B}.RelWithDebInfo|Win32.ActiveCfg = RelWithDebInfo|Win32
		{691639FA-4B27-4D7E-8006-3E9A12D8322B}.RelWithDebInfo|Win32.Build.0 = RelWithDebInfo|Win32
		{DB70A904-5C31-42A0-AC56-CF9C037E253D}.Debug|Win32.ActiveCfg = Debug|Win32
		{DB70A904-5C31-42A0-AC56-CF9C037E253D}.Debug|Win32.Build.0 = Debug|Win32
		{DB70A904-5C31-42A0-AC56-CF9C037E253D}.MinSizeRel|Win32.ActiveCfg = MinSizeRel|Win32
		{DB70A904-5C31-42A0-AC56-CF9C037E253D}.MinSizeRel|Win32.Build.0 = MinSizeRel|Win32
		{DB70A904-5C31-42A0-AC56-CF9C037E253D}.Release|Win32.ActiveCfg = Release|Win32
		{DB70A904-5C31-42A0-AC56-CF9C037E253D}.Release|Win32.Build.0 = Release|Win32
		{DB70A904-5C31-42A0-AC56-CF9C037E253D}.RelWithDebInfo|Win32.ActiveCfg = RelWithDebInfo|Win32
		{DB70A904-5C31-42A0-AC56-CF9C037E253D}.RelWithDebInfo|Win32.Build.0 = RelWithDebInfo|Win32
		{40BC6770-A135-4DDF-9A35-4919B77733A2}.Debug|Win32.ActiveCfg = Debug|Win32
		{40BC6770-A135-4DDF-9A35-4919B77733A2}.Debug|Win32.Build.0 = Debug|Win32
		{40BC6770-A135-4DDF-9A35-4919B77733A2}.MinSizeRel|Win32.ActiveCfg = MinSizeRel|Win32
		{40BC6770-A135-4DDF-9A35-4919B77733A2}.MinSizeRel|Win32.Build.0 = MinSizeRel|Win32
		{40BC6770-A135-4DDF-9A35-4919B77733A2}.Release|Win32.ActiveCfg = Release|Win32
		{40BC6770-A135-4DDF-9A35-4919B77733A2}.Release|Win32.Build.0 = Release|Win32
		{40BC6770-A135-4DDF-9A35-4919B77733A2}.RelWithDebInfo|Win32.ActiveCfg = RelWithDebInfo|Win32
		{40BC6770-A135-4DDF-9A35-4919B77733A2}.RelWithDebInfo|Win32.Build.0 = RelWithDebInfo|Win32
		{6C46F6E6-E4D3-4664-9F2C-129D70CCF5EF}.Debug|Win32.ActiveCfg = Debug|Win32
		{6C46F6E6-E4D3-4664-9F2C-129D70CCF5EF}.Debug|Win32.Build.0 = Debug|Win32
		{6C46F6E6-E4D3-4664-9F2C-129D70CCF5EF}.MinSizeRel|Win32.ActiveCfg = MinSizeRel|Win32
		{6C46F6E6-E4D3-4664-9F2C-129D70CCF5EF}.MinSizeRel|Win32.Build.0 = MinSizeRel|Win32
		{6C46F6E6-E4D3-4664-9F2C-129D70CCF5EF}.Release|Win32.ActiveCfg = Release|Win32
		{6C46F6E6-E4D3-4664-9F2C-129D70CCF5EF}.Release|Win32.Build.0 = Release|Win32
		{6C46F6E6-E4D3-4664-9F2C-129D70CCF5EF}.RelWithDebInfo|Win32.ActiveCfg = RelWithDebInfo|Win32
		{6C46F6E6-E4D3-4664-9F2C-129D70CCF5EF}.RelWithDebInfo|Win32.Build.0 = RelWithDebInfo|Win32
		{33470810-0ED0-4B0B-8393-EFE1C4A26B11}.Debug|Win32.ActiveCfg = Debug|Win32
		{33470810-0ED0-4B0B-8393-EFE1C4A26B11}.Debug|Win32.Build.0 = Debug|Win32
		{33470810-0ED0-4B0B-8393-EFE1C4A26B11}.MinSizeRel|Win32.ActiveCfg = MinSizeRel|Win32
		{33470810-0ED0-4B0B-8393-EFE1C4A26B11}.MinSizeRel|Win32.Build.0 = MinSizeRel|Win32
		{33470810-0ED0-4B0B-8393-EFE1C4A26B11}.Release|Win32.ActiveCfg = Release|Win32
		{33470810-0ED0-4B0B-8393-EFE1C4A26B11}.Release|Win32.Build.0 = Release|Win32
		{33470810-0ED0-4B0B-8393-EFE1C4A26B11}.RelWithDebInfo|Win32.ActiveCfg = RelWithDebInfo|Win32
		{33470810-0ED0-4B0B-8393-EFE1C4A26B11}.RelWithDebInfo|Win32.Build.0 = RelWithDebInfo|Win32
		{829656B4-903D-4068-930D-B8A43782171A}.Debug|Win32.ActiveCfg = Debug|Win32
		{829656B4-903D-4068-930D-B8A43782171A}.Debug|Win32.Build.0 = Debug|Win32
		{829656B4-903D-4068-930D-B8A43782171A}.MinSizeRel|Win32.ActiveCfg = Release|Win32
		{829656B4-903D-4068-930D-B8A43782171A}.MinSizeRel|Win32.Build.0 = Release|Win32
		{829656B4-903D-4068-930D-B8A43782171A}.Release|Win32.ActiveCfg = Release|Win32
		{829656B4-903D-4068-930D-B8A43782171A}.Release|Win32.Build.0 = Release|Win32
		{829656B4-903D-4068-930D-B8A43782171A}.RelWithDebInfo|Win32.ActiveCfg = Release|Win32
		{829656B4-903D-4068-930D-B8A43782171A}.RelWithDebInfo|Win32.Build.0 = Release|Win32
	EndGlobalSection
	GlobalSection(SolutionProperties) = preSolution
		HideSolutionNode = FALSE
	EndGlobalSection
EndGlobal
